
Microsoft Visual Studio Solution File, Format Version 12.00
# Visual Studio Version 17
VisualStudioVersion = 17.12.35707.178 d17.12
MinimumVisualStudioVersion = 10.0.40219.1
Project("{FAE04EC0-301F-11D3-BF4B-00C04F79EFBC}") = "Detect-Capital", "Detect-Capital\Detect-Capital.csproj", "{EAAC3CCD-97DA-470C-B2FB-140ABFFB936B}"
EndProject
Global
	GlobalSection(SolutionConfigurationPlatforms) = preSolution
		Debug|Any CPU = Debug|Any CPU
		Release|Any CPU = Release|Any CPU
	EndGlobalSection
	GlobalSection(ProjectConfigurationPlatforms) = postSolution
		{EAAC3CCD-97DA-470C-B2FB-140ABFFB936B}.Debug|Any CPU.ActiveCfg = Debug|Any CPU
		{EAAC3CCD-97DA-470C-B2FB-140ABFFB936B}.Debug|Any CPU.Build.0 = Debug|Any CPU
		{EAAC3CCD-97DA-470C-B2FB-140ABFFB936B}.Release|Any CPU.ActiveCfg = Release|Any CPU
		{EAAC3CCD-97DA-470C-B2FB-140ABFFB936B}.Release|Any CPU.Build.0 = Release|Any CPU
	EndGlobalSection
	GlobalSection(SolutionProperties) = preSolution
		HideSolutionNode = FALSE
	EndGlobalSection
EndGlobal
